
Microsoft Visual Studio Solution File, Format Version 12.00
# Visual Studio 14
VisualStudioVersion = 14.0.25123.0
MinimumVisualStudioVersion = 10.0.40219.1
Project("{FAE04EC0-301F-11D3-BF4B-00C04F79EFBC}") = "ForumSystem.Web", "ForumSystem.Web\ForumSystem.Web.csproj", "{6C76CF50-F989-45E9-BB37-F8F85FA79183}"
EndProject
Project("{FAE04EC0-301F-11D3-BF4B-00C04F79EFBC}") = "ForumSystem.Data", "..\Data\ForumSystem.Data\ForumSystem.Data.csproj", "{9540AAEC-D0AD-4F99-8924-1D93CB73AE4F}"
EndProject
Project("{FAE04EC0-301F-11D3-BF4B-00C04F79EFBC}") = "ForumSystem.DataModels", "..\Data\ForumSystem.DataModels\ForumSystem.DataModels.csproj", "{F601E96B-9801-4FB5-819D-C85AA469AE52}"
EndProject
Project("{FAE04EC0-301F-11D3-BF4B-00C04F79EFBC}") = "ForumSystem.Data.Common", "..\Data\ForumSystem.Data.Common\ForumSystem.Data.Common.csproj", "{5FBB8298-D8E5-4CC5-BA7D-1DE9FA52988A}"
EndProject
Global
	GlobalSection(SolutionConfigurationPlatforms) = preSolution
		Debug|Any CPU = Debug|Any CPU
		Release|Any CPU = Release|Any CPU
	EndGlobalSection
	GlobalSection(ProjectConfigurationPlatforms) = postSolution
		{6C76CF50-F989-45E9-BB37-F8F85FA79183}.Debug|Any CPU.ActiveCfg = Debug|Any CPU
		{6C76CF50-F989-45E9-BB37-F8F85FA79183}.Debug|Any CPU.Build.0 = Debug|Any CPU
		{6C76CF50-F989-45E9-BB37-F8F85FA79183}.Release|Any CPU.ActiveCfg = Release|Any CPU
		{6C76CF50-F989-45E9-BB37-F8F85FA79183}.Release|Any CPU.Build.0 = Release|Any CPU
		{9540AAEC-D0AD-4F99-8924-1D93CB73AE4F}.Debug|Any CPU.ActiveCfg = Debug|Any CPU
		{9540AAEC-D0AD-4F99-8924-1D93CB73AE4F}.Debug|Any CPU.Build.0 = Debug|Any CPU
		{9540AAEC-D0AD-4F99-8924-1D93CB73AE4F}.Release|Any CPU.ActiveCfg = Release|Any CPU
		{9540AAEC-D0AD-4F99-8924-1D93CB73AE4F}.Release|Any CPU.Build.0 = Release|Any CPU
		{F601E96B-9801-4FB5-819D-C85AA469AE52}.Debug|Any CPU.ActiveCfg = Debug|Any CPU
		{F601E96B-9801-4FB5-819D-C85AA469AE52}.Debug|Any CPU.Build.0 = Debug|Any CPU
		{F601E96B-9801-4FB5-819D-C85AA469AE52}.Release|Any CPU.ActiveCfg = Release|Any CPU
		{F601E96B-9801-4FB5-819D-C85AA469AE52}.Release|Any CPU.Build.0 = Release|Any CPU
		{5FBB8298-D8E5-4CC5-BA7D-1DE9FA52988A}.Debug|Any CPU.ActiveCfg = Debug|Any CPU
		{5FBB8298-D8E5-4CC5-BA7D-1DE9FA52988A}.Debug|Any CPU.Build.0 = Debug|Any CPU
		{5FBB8298-D8E5-4CC5-BA7D-1DE9FA52988A}.Release|Any CPU.ActiveCfg = Release|Any CPU
		{5FBB8298-D8E5-4CC5-BA7D-1DE9FA52988A}.Release|Any CPU.Build.0 = Release|Any CPU
	EndGlobalSection
	GlobalSection(SolutionProperties) = preSolution
		HideSolutionNode = FALSE
	EndGlobalSection
EndGlobal
